
Microsoft Visual Studio Solution File, Format Version 12.00
# Visual Studio Version 16
VisualStudioVersion = 16.0.30717.126
MinimumVisualStudioVersion = 10.0.40219.1
Project("{9A19103F-16F7-4668-BE54-9A1E7A4F7556}") = "DataAccess", "DataAccess\DataAccess.csproj", "{4C5755D5-7239-462F-897E-10E6C2B6C333}"
EndProject
Project("{9A19103F-16F7-4668-BE54-9A1E7A4F7556}") = "Business", "Business\Business.csproj", "{87374A2C-B2FB-40B8-AE22-FACCACE0D9B9}"
EndProject
Project("{9A19103F-16F7-4668-BE54-9A1E7A4F7556}") = "Entities", "Entities\Entities.csproj", "{E3140432-29B9-43F8-8A9F-7630DD9ADA5E}"
EndProject
Project("{9A19103F-16F7-4668-BE54-9A1E7A4F7556}") = "ConsoleUI", "ConsoleUI\ConsoleUI.csproj", "{06BF45A7-2A23-479B-98F9-300EC0AEDFCF}"
EndProject
Project("{9A19103F-16F7-4668-BE54-9A1E7A4F7556}") = "Core", "Core\Core.csproj", "{CFA83A1D-AEE0-46D2-9D9F-858DC69910BF}"
EndProject
Project("{FAE04EC0-301F-11D3-BF4B-00C04F79EFBC}") = "WebAPI", "WebAPI\WebAPI.csproj", "{BABAEBEF-B3AE-45D0-927E-276C765241E6}"
EndProject
Global
	GlobalSection(SolutionConfigurationPlatforms) = preSolution
		Debug|Any CPU = Debug|Any CPU
		Release|Any CPU = Release|Any CPU
	EndGlobalSection
	GlobalSection(ProjectConfigurationPlatforms) = postSolution
		{4C5755D5-7239-462F-897E-10E6C2B6C333}.Debug|Any CPU.ActiveCfg = Debug|Any CPU
		{4C5755D5-7239-462F-897E-10E6C2B6C333}.Debug|Any CPU.Build.0 = Debug|Any CPU
		{4C5755D5-7239-462F-897E-10E6C2B6C333}.Release|Any CPU.ActiveCfg = Release|Any CPU
		{4C5755D5-7239-462F-897E-10E6C2B6C333}.Release|Any CPU.Build.0 = Release|Any CPU
		{87374A2C-B2FB-40B8-AE22-FACCACE0D9B9}.Debug|Any CPU.ActiveCfg = Debug|Any CPU
		{87374A2C-B2FB-40B8-AE22-FACCACE0D9B9}.Debug|Any CPU.Build.0 = Debug|Any CPU
		{87374A2C-B2FB-40B8-AE22-FACCACE0D9B9}.Release|Any CPU.ActiveCfg = Release|Any CPU
		{87374A2C-B2FB-40B8-AE22-FACCACE0D9B9}.Release|Any CPU.Build.0 = Release|Any CPU
		{E3140432-29B9-43F8-8A9F-7630DD9ADA5E}.Debug|Any CPU.ActiveCfg = Debug|Any CPU
		{E3140432-29B9-43F8-8A9F-7630DD9ADA5E}.Debug|Any CPU.Build.0 = Debug|Any CPU
		{E3140432-29B9-43F8-8A9F-7630DD9ADA5E}.Release|Any CPU.ActiveCfg = Release|Any CPU
		{E3140432-29B9-43F8-8A9F-7630DD9ADA5E}.Release|Any CPU.Build.0 = Release|Any CPU
		{06BF45A7-2A23-479B-98F9-300EC0AEDFCF}.Debug|Any CPU.ActiveCfg = Debug|Any CPU
		{06BF45A7-2A23-479B-98F9-300EC0AEDFCF}.Debug|Any CPU.Build.0 = Debug|Any CPU
		{06BF45A7-2A23-479B-98F9-300EC0AEDFCF}.Release|Any CPU.ActiveCfg = Release|Any CPU
		{06BF45A7-2A23-479B-98F9-300EC0AEDFCF}.Release|Any CPU.Build.0 = Release|Any CPU
		{CFA83A1D-AEE0-46D2-9D9F-858DC69910BF}.Debug|Any CPU.ActiveCfg = Debug|Any CPU
		{CFA83A1D-AEE0-46D2-9D9F-858DC69910BF}.Debug|Any CPU.Build.0 = Debug|Any CPU
		{CFA83A1D-AEE0-46D2-9D9F-858DC69910BF}.Release|Any CPU.ActiveCfg = Release|Any CPU
		{CFA83A1D-AEE0-46D2-9D9F-858DC69910BF}.Release|Any CPU.Build.0 = Release|Any CPU
		{BABAEBEF-B3AE-45D0-927E-276C765241E6}.Debug|Any CPU.ActiveCfg = Debug|Any CPU
		{BABAEBEF-B3AE-45D0-927E-276C765241E6}.Debug|Any CPU.Build.0 = Debug|Any CPU
		{BABAEBEF-B3AE-45D0-927E-276C765241E6}.Release|Any CPU.ActiveCfg = Release|Any CPU
		{BABAEBEF-B3AE-45D0-927E-276C765241E6}.Release|Any CPU.Build.0 = Release|Any CPU
	EndGlobalSection
	GlobalSection(SolutionProperties) = preSolution
		HideSolutionNode = FALSE
	EndGlobalSection
	GlobalSection(ExtensibilityGlobals) = postSolution
		SolutionGuid = {1D90981A-350B-4AF4-8BBC-4293C597DFC0}
	EndGlobalSection
EndGlobal
